
Microsoft Visual Studio Solution File, Format Version 12.00
# Visual Studio Version 16
VisualStudioVersion = 16.0.30804.86
MinimumVisualStudioVersion = 10.0.40219.1
Project("{FAE04EC0-301F-11D3-BF4B-00C04F79EFBC}") = "WordRibbon", "WordRibbon\WordRibbon.csproj", "{B794D982-A69B-4C03-9D0F-CB0211FA1957}"
EndProject
Global
	GlobalSection(SolutionConfigurationPlatforms) = preSolution
		Debug|Any CPU = Debug|Any CPU
		Release|Any CPU = Release|Any CPU
	EndGlobalSection
	GlobalSection(ProjectConfigurationPlatforms) = postSolution
		{B794D982-A69B-4C03-9D0F-CB0211FA1957}.Debug|Any CPU.ActiveCfg = Debug|Any CPU
		{B794D982-A69B-4C03-9D0F-CB0211FA1957}.Debug|Any CPU.Build.0 = Debug|Any CPU
		{B794D982-A69B-4C03-9D0F-CB0211FA1957}.Release|Any CPU.ActiveCfg = Release|Any CPU
		{B794D982-A69B-4C03-9D0F-CB0211FA1957}.Release|Any CPU.Build.0 = Release|Any CPU
	EndGlobalSection
	GlobalSection(SolutionProperties) = preSolution
		HideSolutionNode = FALSE
	EndGlobalSection
	GlobalSection(ExtensibilityGlobals) = postSolution
		SolutionGuid = {F8183A1E-8F4B-4041-97BA-2C6666DC7317}
	EndGlobalSection
EndGlobal
